
Microsoft Visual Studio Solution File, Format Version 12.00
# Visual Studio Version 17
VisualStudioVersion = 17.7.34018.315
MinimumVisualStudioVersion = 10.0.40219.1
Project("{FAE04EC0-301F-11D3-BF4B-00C04F79EFBC}") = "hurlangaartandstickorna", "hurlangaartandstickorna.csproj", "{767B83F3-B717-4E88-BC64-4043039673E4}"
EndProject
Global
	GlobalSection(SolutionConfigurationPlatforms) = preSolution
		Debug|Any CPU = Debug|Any CPU
		Release|Any CPU = Release|Any CPU
	EndGlobalSection
	GlobalSection(ProjectConfigurationPlatforms) = postSolution
		{767B83F3-B717-4E88-BC64-4043039673E4}.Debug|Any CPU.ActiveCfg = Debug|Any CPU
		{767B83F3-B717-4E88-BC64-4043039673E4}.Debug|Any CPU.Build.0 = Debug|Any CPU
		{767B83F3-B717-4E88-BC64-4043039673E4}.Release|Any CPU.ActiveCfg = Release|Any CPU
		{767B83F3-B717-4E88-BC64-4043039673E4}.Release|Any CPU.Build.0 = Release|Any CPU
	EndGlobalSection
	GlobalSection(SolutionProperties) = preSolution
		HideSolutionNode = FALSE
	EndGlobalSection
	GlobalSection(ExtensibilityGlobals) = postSolution
		SolutionGuid = {5C78729B-ABF5-4CFA-AA51-D030E5130231}
	EndGlobalSection
EndGlobal
