
Microsoft Visual Studio Solution File, Format Version 12.00
# Visual Studio Version 17
VisualStudioVersion = 17.7.34018.315
MinimumVisualStudioVersion = 10.0.40219.1
Project("{FAE04EC0-301F-11D3-BF4B-00C04F79EFBC}") = "Triangelarea", "Triangelarea.csproj", "{A40BB256-6541-446D-8445-9BB2E33934DC}"
EndProject
Global
	GlobalSection(SolutionConfigurationPlatforms) = preSolution
		Debug|Any CPU = Debug|Any CPU
		Release|Any CPU = Release|Any CPU
	EndGlobalSection
	GlobalSection(ProjectConfigurationPlatforms) = postSolution
		{A40BB256-6541-446D-8445-9BB2E33934DC}.Debug|Any CPU.ActiveCfg = Debug|Any CPU
		{A40BB256-6541-446D-8445-9BB2E33934DC}.Debug|Any CPU.Build.0 = Debug|Any CPU
		{A40BB256-6541-446D-8445-9BB2E33934DC}.Release|Any CPU.ActiveCfg = Release|Any CPU
		{A40BB256-6541-446D-8445-9BB2E33934DC}.Release|Any CPU.Build.0 = Release|Any CPU
	EndGlobalSection
	GlobalSection(SolutionProperties) = preSolution
		HideSolutionNode = FALSE
	EndGlobalSection
	GlobalSection(ExtensibilityGlobals) = postSolution
		SolutionGuid = {1E73E799-3909-437B-AD75-F308D03C6D99}
	EndGlobalSection
EndGlobal
