
Microsoft Visual Studio Solution File, Format Version 12.00
# Visual Studio Version 16
VisualStudioVersion = 16.0.31624.102
MinimumVisualStudioVersion = 10.0.40219.1
Project("{FAE04EC0-301F-11D3-BF4B-00C04F79EFBC}") = "PokerLite", "PokerLite.csproj", "{A12244DD-BD44-4212-B920-B5C2EF3B3CDD}"
EndProject
Global
	GlobalSection(SolutionConfigurationPlatforms) = preSolution
		Debug|Any CPU = Debug|Any CPU
		Release|Any CPU = Release|Any CPU
	EndGlobalSection
	GlobalSection(ProjectConfigurationPlatforms) = postSolution
		{A12244DD-BD44-4212-B920-B5C2EF3B3CDD}.Debug|Any CPU.ActiveCfg = Debug|Any CPU
		{A12244DD-BD44-4212-B920-B5C2EF3B3CDD}.Debug|Any CPU.Build.0 = Debug|Any CPU
		{A12244DD-BD44-4212-B920-B5C2EF3B3CDD}.Release|Any CPU.ActiveCfg = Release|Any CPU
		{A12244DD-BD44-4212-B920-B5C2EF3B3CDD}.Release|Any CPU.Build.0 = Release|Any CPU
	EndGlobalSection
	GlobalSection(SolutionProperties) = preSolution
		HideSolutionNode = FALSE
	EndGlobalSection
	GlobalSection(ExtensibilityGlobals) = postSolution
		SolutionGuid = {2E6EC180-2DCF-4730-9A77-9EE797343611}
	EndGlobalSection
EndGlobal
