
Microsoft Visual Studio Solution File, Format Version 12.00
# Visual Studio Version 17
VisualStudioVersion = 17.9.34723.18
MinimumVisualStudioVersion = 10.0.40219.1
Project("{FAE04EC0-301F-11D3-BF4B-00C04F79EFBC}") = "Övning 6.2 Färdigställt skolregister", "Övning 6.2 Färdigställt skolregister\Övning 6.2 Färdigställt skolregister.csproj", "{96AC39B6-84D8-47A4-A048-C0F41C0A1563}"
EndProject
Global
	GlobalSection(SolutionConfigurationPlatforms) = preSolution
		Debug|Any CPU = Debug|Any CPU
		Release|Any CPU = Release|Any CPU
	EndGlobalSection
	GlobalSection(ProjectConfigurationPlatforms) = postSolution
		{96AC39B6-84D8-47A4-A048-C0F41C0A1563}.Debug|Any CPU.ActiveCfg = Debug|Any CPU
		{96AC39B6-84D8-47A4-A048-C0F41C0A1563}.Debug|Any CPU.Build.0 = Debug|Any CPU
		{96AC39B6-84D8-47A4-A048-C0F41C0A1563}.Release|Any CPU.ActiveCfg = Release|Any CPU
		{96AC39B6-84D8-47A4-A048-C0F41C0A1563}.Release|Any CPU.Build.0 = Release|Any CPU
	EndGlobalSection
	GlobalSection(SolutionProperties) = preSolution
		HideSolutionNode = FALSE
	EndGlobalSection
	GlobalSection(ExtensibilityGlobals) = postSolution
		SolutionGuid = {20E1D810-894B-4A8A-9E73-C34F3E354F95}
	EndGlobalSection
EndGlobal
