
Microsoft Visual Studio Solution File, Format Version 12.00
# Visual Studio Version 17
VisualStudioVersion = 17.3.32929.385
MinimumVisualStudioVersion = 10.0.40219.1
Project("{FAE04EC0-301F-11D3-BF4B-00C04F79EFBC}") = "9.1", "9.1.csproj", "{3C9A23F0-F0C6-45C2-87FD-F283C58EF600}"
EndProject
Global
	GlobalSection(SolutionConfigurationPlatforms) = preSolution
		Debug|Any CPU = Debug|Any CPU
		Release|Any CPU = Release|Any CPU
	EndGlobalSection
	GlobalSection(ProjectConfigurationPlatforms) = postSolution
		{3C9A23F0-F0C6-45C2-87FD-F283C58EF600}.Debug|Any CPU.ActiveCfg = Debug|Any CPU
		{3C9A23F0-F0C6-45C2-87FD-F283C58EF600}.Debug|Any CPU.Build.0 = Debug|Any CPU
		{3C9A23F0-F0C6-45C2-87FD-F283C58EF600}.Release|Any CPU.ActiveCfg = Release|Any CPU
		{3C9A23F0-F0C6-45C2-87FD-F283C58EF600}.Release|Any CPU.Build.0 = Release|Any CPU
	EndGlobalSection
	GlobalSection(SolutionProperties) = preSolution
		HideSolutionNode = FALSE
	EndGlobalSection
	GlobalSection(ExtensibilityGlobals) = postSolution
		SolutionGuid = {D22BFD97-04BC-4163-AFEC-C5F659BEA5EE}
	EndGlobalSection
EndGlobal
