
Microsoft Visual Studio Solution File, Format Version 12.00
# Visual Studio Version 17
VisualStudioVersion = 17.3.32929.385
MinimumVisualStudioVersion = 10.0.40219.1
Project("{FAE04EC0-301F-11D3-BF4B-00C04F79EFBC}") = "TredjeYatzy", "TredjeYatzy.csproj", "{399C2E4F-D569-4887-BCBC-889860890E1D}"
EndProject
Global
	GlobalSection(SolutionConfigurationPlatforms) = preSolution
		Debug|Any CPU = Debug|Any CPU
		Release|Any CPU = Release|Any CPU
	EndGlobalSection
	GlobalSection(ProjectConfigurationPlatforms) = postSolution
		{399C2E4F-D569-4887-BCBC-889860890E1D}.Debug|Any CPU.ActiveCfg = Debug|Any CPU
		{399C2E4F-D569-4887-BCBC-889860890E1D}.Debug|Any CPU.Build.0 = Debug|Any CPU
		{399C2E4F-D569-4887-BCBC-889860890E1D}.Release|Any CPU.ActiveCfg = Release|Any CPU
		{399C2E4F-D569-4887-BCBC-889860890E1D}.Release|Any CPU.Build.0 = Release|Any CPU
	EndGlobalSection
	GlobalSection(SolutionProperties) = preSolution
		HideSolutionNode = FALSE
	EndGlobalSection
	GlobalSection(ExtensibilityGlobals) = postSolution
		SolutionGuid = {16F7BAF9-C93C-4D35-9427-F470F67309C0}
	EndGlobalSection
EndGlobal
