
Microsoft Visual Studio Solution File, Format Version 12.00
# Visual Studio Version 17
VisualStudioVersion = 17.3.32901.215
MinimumVisualStudioVersion = 10.0.40219.1
Project("{FAE04EC0-301F-11D3-BF4B-00C04F79EFBC}") = "Bankautomat", "Bankautomat.csproj", "{83B32C72-6C13-4143-9213-2F835985C935}"
EndProject
Project("{FAE04EC0-301F-11D3-BF4B-00C04F79EFBC}") = "BankautomatTest", "BankautomatTest\BankautomatTest.csproj", "{15731BA0-BE66-4E82-948F-F3242886DE34}"
EndProject
Global
	GlobalSection(SolutionConfigurationPlatforms) = preSolution
		Debug|Any CPU = Debug|Any CPU
		Release|Any CPU = Release|Any CPU
	EndGlobalSection
	GlobalSection(ProjectConfigurationPlatforms) = postSolution
		{83B32C72-6C13-4143-9213-2F835985C935}.Debug|Any CPU.ActiveCfg = Debug|Any CPU
		{83B32C72-6C13-4143-9213-2F835985C935}.Debug|Any CPU.Build.0 = Debug|Any CPU
		{83B32C72-6C13-4143-9213-2F835985C935}.Release|Any CPU.ActiveCfg = Release|Any CPU
		{83B32C72-6C13-4143-9213-2F835985C935}.Release|Any CPU.Build.0 = Release|Any CPU
		{15731BA0-BE66-4E82-948F-F3242886DE34}.Debug|Any CPU.ActiveCfg = Debug|Any CPU
		{15731BA0-BE66-4E82-948F-F3242886DE34}.Debug|Any CPU.Build.0 = Debug|Any CPU
		{15731BA0-BE66-4E82-948F-F3242886DE34}.Release|Any CPU.ActiveCfg = Release|Any CPU
		{15731BA0-BE66-4E82-948F-F3242886DE34}.Release|Any CPU.Build.0 = Release|Any CPU
	EndGlobalSection
	GlobalSection(SolutionProperties) = preSolution
		HideSolutionNode = FALSE
	EndGlobalSection
	GlobalSection(ExtensibilityGlobals) = postSolution
		SolutionGuid = {0E365DBD-0313-4568-ACC9-9EF593D0B655}
	EndGlobalSection
EndGlobal
