
Microsoft Visual Studio Solution File, Format Version 12.00
# Visual Studio Version 17
VisualStudioVersion = 17.3.32929.385
MinimumVisualStudioVersion = 10.0.40219.1
Project("{FAE04EC0-301F-11D3-BF4B-00C04F79EFBC}") = "Lotteri", "Lotteri.csproj", "{7BCB100D-68D3-499F-A35B-7AB453AC757F}"
EndProject
Global
	GlobalSection(SolutionConfigurationPlatforms) = preSolution
		Debug|Any CPU = Debug|Any CPU
		Release|Any CPU = Release|Any CPU
	EndGlobalSection
	GlobalSection(ProjectConfigurationPlatforms) = postSolution
		{7BCB100D-68D3-499F-A35B-7AB453AC757F}.Debug|Any CPU.ActiveCfg = Debug|Any CPU
		{7BCB100D-68D3-499F-A35B-7AB453AC757F}.Debug|Any CPU.Build.0 = Debug|Any CPU
		{7BCB100D-68D3-499F-A35B-7AB453AC757F}.Release|Any CPU.ActiveCfg = Release|Any CPU
		{7BCB100D-68D3-499F-A35B-7AB453AC757F}.Release|Any CPU.Build.0 = Release|Any CPU
	EndGlobalSection
	GlobalSection(SolutionProperties) = preSolution
		HideSolutionNode = FALSE
	EndGlobalSection
	GlobalSection(ExtensibilityGlobals) = postSolution
		SolutionGuid = {941394DC-77BA-475A-9BD4-520322B6B992}
	EndGlobalSection
EndGlobal
