
Microsoft Visual Studio Solution File, Format Version 12.00
# Visual Studio Version 17
VisualStudioVersion = 17.9.34723.18
MinimumVisualStudioVersion = 10.0.40219.1
Project("{9A19103F-16F7-4668-BE54-9A1E7A4F7556}") = "SänkaSkepp Klient", "SänkaSkepp Klient\SänkaSkepp Klient.csproj", "{39E51E46-8616-4C3F-B276-12DB038FA29E}"
EndProject
Project("{9A19103F-16F7-4668-BE54-9A1E7A4F7556}") = "SänkaSkeppKlasser", "..\SänkaSkeppKlasser\SänkaSkeppKlasser\SänkaSkeppKlasser.csproj", "{83074367-BF09-4B6C-98BD-02EB62D6ED56}"
EndProject
Project("{9A19103F-16F7-4668-BE54-9A1E7A4F7556}") = "UtilitiesLib", "..\ListManager\UtilitiesLib.csproj", "{5405F2DF-15C7-426D-97D8-9FACD55E3CAF}"
EndProject
Global
	GlobalSection(SolutionConfigurationPlatforms) = preSolution
		Debug|Any CPU = Debug|Any CPU
		Release|Any CPU = Release|Any CPU
	EndGlobalSection
	GlobalSection(ProjectConfigurationPlatforms) = postSolution
		{39E51E46-8616-4C3F-B276-12DB038FA29E}.Debug|Any CPU.ActiveCfg = Debug|Any CPU
		{39E51E46-8616-4C3F-B276-12DB038FA29E}.Debug|Any CPU.Build.0 = Debug|Any CPU
		{39E51E46-8616-4C3F-B276-12DB038FA29E}.Release|Any CPU.ActiveCfg = Release|Any CPU
		{39E51E46-8616-4C3F-B276-12DB038FA29E}.Release|Any CPU.Build.0 = Release|Any CPU
		{83074367-BF09-4B6C-98BD-02EB62D6ED56}.Debug|Any CPU.ActiveCfg = Debug|Any CPU
		{83074367-BF09-4B6C-98BD-02EB62D6ED56}.Debug|Any CPU.Build.0 = Debug|Any CPU
		{83074367-BF09-4B6C-98BD-02EB62D6ED56}.Release|Any CPU.ActiveCfg = Release|Any CPU
		{83074367-BF09-4B6C-98BD-02EB62D6ED56}.Release|Any CPU.Build.0 = Release|Any CPU
		{5405F2DF-15C7-426D-97D8-9FACD55E3CAF}.Debug|Any CPU.ActiveCfg = Debug|Any CPU
		{5405F2DF-15C7-426D-97D8-9FACD55E3CAF}.Debug|Any CPU.Build.0 = Debug|Any CPU
		{5405F2DF-15C7-426D-97D8-9FACD55E3CAF}.Release|Any CPU.ActiveCfg = Release|Any CPU
		{5405F2DF-15C7-426D-97D8-9FACD55E3CAF}.Release|Any CPU.Build.0 = Release|Any CPU
	EndGlobalSection
	GlobalSection(SolutionProperties) = preSolution
		HideSolutionNode = FALSE
	EndGlobalSection
	GlobalSection(ExtensibilityGlobals) = postSolution
		SolutionGuid = {6C6D23B7-655C-4697-A24A-35BF3BCD09EC}
	EndGlobalSection
EndGlobal
