
Microsoft Visual Studio Solution File, Format Version 12.00
# Visual Studio Version 17
VisualStudioVersion = 17.7.34018.315
MinimumVisualStudioVersion = 10.0.40219.1
Project("{FAE04EC0-301F-11D3-BF4B-00C04F79EFBC}") = "Uppgift 5 - Pickle Clicker", "Uppgift 5 - Pickle Clicker.csproj", "{47D42899-DB38-4C7A-9180-A67E1FDCE379}"
EndProject
Global
	GlobalSection(SolutionConfigurationPlatforms) = preSolution
		Debug|Any CPU = Debug|Any CPU
		Release|Any CPU = Release|Any CPU
	EndGlobalSection
	GlobalSection(ProjectConfigurationPlatforms) = postSolution
		{47D42899-DB38-4C7A-9180-A67E1FDCE379}.Debug|Any CPU.ActiveCfg = Debug|Any CPU
		{47D42899-DB38-4C7A-9180-A67E1FDCE379}.Debug|Any CPU.Build.0 = Debug|Any CPU
		{47D42899-DB38-4C7A-9180-A67E1FDCE379}.Release|Any CPU.ActiveCfg = Release|Any CPU
		{47D42899-DB38-4C7A-9180-A67E1FDCE379}.Release|Any CPU.Build.0 = Release|Any CPU
	EndGlobalSection
	GlobalSection(SolutionProperties) = preSolution
		HideSolutionNode = FALSE
	EndGlobalSection
	GlobalSection(ExtensibilityGlobals) = postSolution
		SolutionGuid = {B97163FF-EC4B-4FC2-B8D3-2859A50567E9}
	EndGlobalSection
EndGlobal
