
Microsoft Visual Studio Solution File, Format Version 12.00
# Visual Studio Version 17
VisualStudioVersion = 17.8.34525.116
MinimumVisualStudioVersion = 10.0.40219.1
Project("{FAE04EC0-301F-11D3-BF4B-00C04F79EFBC}") = "Dechiffer, ceasearrullning", "Dechiffer, ceasearrullning\Dechiffer, ceasearrullning.csproj", "{77CE8606-0650-4763-BDA4-80E28943F380}"
EndProject
Global
	GlobalSection(SolutionConfigurationPlatforms) = preSolution
		Debug|Any CPU = Debug|Any CPU
		Release|Any CPU = Release|Any CPU
	EndGlobalSection
	GlobalSection(ProjectConfigurationPlatforms) = postSolution
		{77CE8606-0650-4763-BDA4-80E28943F380}.Debug|Any CPU.ActiveCfg = Debug|Any CPU
		{77CE8606-0650-4763-BDA4-80E28943F380}.Debug|Any CPU.Build.0 = Debug|Any CPU
		{77CE8606-0650-4763-BDA4-80E28943F380}.Release|Any CPU.ActiveCfg = Release|Any CPU
		{77CE8606-0650-4763-BDA4-80E28943F380}.Release|Any CPU.Build.0 = Release|Any CPU
	EndGlobalSection
	GlobalSection(SolutionProperties) = preSolution
		HideSolutionNode = FALSE
	EndGlobalSection
	GlobalSection(ExtensibilityGlobals) = postSolution
		SolutionGuid = {2671EDDB-9327-4FA9-ABD5-D2E1531DCD59}
	EndGlobalSection
EndGlobal
