
Microsoft Visual Studio Solution File, Format Version 12.00
# Visual Studio Version 17
VisualStudioVersion = 17.3.32929.385
MinimumVisualStudioVersion = 10.0.40219.1
Project("{FAE04EC0-301F-11D3-BF4B-00C04F79EFBC}") = "Filmregister", "Filmregister.csproj", "{5AE2B194-D634-4EDC-9485-A14D215DA395}"
EndProject
Global
	GlobalSection(SolutionConfigurationPlatforms) = preSolution
		Debug|Any CPU = Debug|Any CPU
		Release|Any CPU = Release|Any CPU
	EndGlobalSection
	GlobalSection(ProjectConfigurationPlatforms) = postSolution
		{5AE2B194-D634-4EDC-9485-A14D215DA395}.Debug|Any CPU.ActiveCfg = Debug|Any CPU
		{5AE2B194-D634-4EDC-9485-A14D215DA395}.Debug|Any CPU.Build.0 = Debug|Any CPU
		{5AE2B194-D634-4EDC-9485-A14D215DA395}.Release|Any CPU.ActiveCfg = Release|Any CPU
		{5AE2B194-D634-4EDC-9485-A14D215DA395}.Release|Any CPU.Build.0 = Release|Any CPU
	EndGlobalSection
	GlobalSection(SolutionProperties) = preSolution
		HideSolutionNode = FALSE
	EndGlobalSection
	GlobalSection(ExtensibilityGlobals) = postSolution
		SolutionGuid = {486E8144-162A-44F4-A565-805B17C1C30D}
	EndGlobalSection
EndGlobal
