
Microsoft Visual Studio Solution File, Format Version 12.00
# Visual Studio Version 17
VisualStudioVersion = 17.9.34723.18
MinimumVisualStudioVersion = 10.0.40219.1
Project("{FAE04EC0-301F-11D3-BF4B-00C04F79EFBC}") = "Övning 5.3 Klient", "Övning 5.3 Klient\Övning 5.3 Klient.csproj", "{3CBFACBC-8983-4454-BC16-05F0D430C600}"
EndProject
Global
	GlobalSection(SolutionConfigurationPlatforms) = preSolution
		Debug|Any CPU = Debug|Any CPU
		Release|Any CPU = Release|Any CPU
	EndGlobalSection
	GlobalSection(ProjectConfigurationPlatforms) = postSolution
		{3CBFACBC-8983-4454-BC16-05F0D430C600}.Debug|Any CPU.ActiveCfg = Debug|Any CPU
		{3CBFACBC-8983-4454-BC16-05F0D430C600}.Debug|Any CPU.Build.0 = Debug|Any CPU
		{3CBFACBC-8983-4454-BC16-05F0D430C600}.Release|Any CPU.ActiveCfg = Release|Any CPU
		{3CBFACBC-8983-4454-BC16-05F0D430C600}.Release|Any CPU.Build.0 = Release|Any CPU
	EndGlobalSection
	GlobalSection(SolutionProperties) = preSolution
		HideSolutionNode = FALSE
	EndGlobalSection
	GlobalSection(ExtensibilityGlobals) = postSolution
		SolutionGuid = {41C16B05-0E41-419C-9099-791C3AD509F3}
	EndGlobalSection
EndGlobal
