
Microsoft Visual Studio Solution File, Format Version 12.00
# Visual Studio Version 17
VisualStudioVersion = 17.3.32811.315
MinimumVisualStudioVersion = 10.0.40219.1
Project("{FAE04EC0-301F-11D3-BF4B-00C04F79EFBC}") = "Uppgift 3.4 A, B", "Uppgift 3.4 A, B.csproj", "{CEE9E4F5-7AAC-4FD6-9E31-A5589C83B48B}"
EndProject
Global
	GlobalSection(SolutionConfigurationPlatforms) = preSolution
		Debug|Any CPU = Debug|Any CPU
		Release|Any CPU = Release|Any CPU
	EndGlobalSection
	GlobalSection(ProjectConfigurationPlatforms) = postSolution
		{CEE9E4F5-7AAC-4FD6-9E31-A5589C83B48B}.Debug|Any CPU.ActiveCfg = Debug|Any CPU
		{CEE9E4F5-7AAC-4FD6-9E31-A5589C83B48B}.Debug|Any CPU.Build.0 = Debug|Any CPU
		{CEE9E4F5-7AAC-4FD6-9E31-A5589C83B48B}.Release|Any CPU.ActiveCfg = Release|Any CPU
		{CEE9E4F5-7AAC-4FD6-9E31-A5589C83B48B}.Release|Any CPU.Build.0 = Release|Any CPU
	EndGlobalSection
	GlobalSection(SolutionProperties) = preSolution
		HideSolutionNode = FALSE
	EndGlobalSection
	GlobalSection(ExtensibilityGlobals) = postSolution
		SolutionGuid = {01F277AF-4EB5-49D6-B1C0-3418F25F9AF4}
	EndGlobalSection
EndGlobal
